// !$*UTF8*$!
{
	archiveVersion = 1;
	classes = {
	};
	objectVersion = 50;
	objects = {

/* Begin PBXBuildFile section */
		51A8135D2174D9DD00CD80A7 /* AppDelegate.swift in Sources */ = {isa = PBXBuildFile; fileRef = 51A8135C2174D9DD00CD80A7 /* AppDelegate.swift */; };
		51A8135F2174D9DD00CD80A7 /* MasterViewController.swift in Sources */ = {isa = PBXBuildFile; fileRef = 51A8135E2174D9DD00CD80A7 /* MasterViewController.swift */; };
		51A813612174D9DD00CD80A7 /* DetailViewController.swift in Sources */ = {isa = PBXBuildFile; fileRef = 51A813602174D9DD00CD80A7 /* DetailViewController.swift */; };
		51A813642174D9DD00CD80A7 /* Main.storyboard in Resources */ = {isa = PBXBuildFile; fileRef = 51A813622174D9DD00CD80A7 /* Main.storyboard */; };
		51A813662174D9DE00CD80A7 /* Assets.xcassets in Resources */ = {isa = PBXBuildFile; fileRef = 51A813652174D9DE00CD80A7 /* Assets.xcassets */; };
		51A813692174D9DE00CD80A7 /* LaunchScreen.storyboard in Resources */ = {isa = PBXBuildFile; fileRef = 51A813672174D9DE00CD80A7 /* LaunchScreen.storyboard */; };
		51A813742174D9DE00CD80A7 /* iOS_StructureTests.swift in Sources */ = {isa = PBXBuildFile; fileRef = 51A813732174D9DE00CD80A7 /* iOS_StructureTests.swift */; };
		51A8137F2174D9DE00CD80A7 /* iOS_StructureUITests.swift in Sources */ = {isa = PBXBuildFile; fileRef = 51A8137E2174D9DE00CD80A7 /* iOS_StructureUITests.swift */; };
		51A8138D2174DA0E00CD80A7 /* Model.swift in Sources */ = {isa = PBXBuildFile; fileRef = 51A8138C2174DA0E00CD80A7 /* Model.swift */; };
		51A8138F2174DB3400CD80A7 /* Presenter.swift in Sources */ = {isa = PBXBuildFile; fileRef = 51A8138E2174DB3400CD80A7 /* Presenter.swift */; };
		51A813912174DE5A00CD80A7 /* MasterViewcontrollerUITableViewDataSource.swift in Sources */ = {isa = PBXBuildFile; fileRef = 51A813902174DE5A00CD80A7 /* MasterViewcontrollerUITableViewDataSource.swift */; };
		51A813952174E74A00CD80A7 /* Observable.swift in Sources */ = {isa = PBXBuildFile; fileRef = 51A813942174E74A00CD80A7 /* Observable.swift */; };
		51A813992174E83000CD80A7 /* ViewModel.swift in Sources */ = {isa = PBXBuildFile; fileRef = 51A813982174E83000CD80A7 /* ViewModel.swift */; };
		51A8139C2176502400CD80A7 /* ImageProtocols.swift in Sources */ = {isa = PBXBuildFile; fileRef = 51A8139B2176502400CD80A7 /* ImageProtocols.swift */; };
/* End PBXBuildFile section */

/* Begin PBXContainerItemProxy section */
		51A813702174D9DE00CD80A7 /* PBXContainerItemProxy */ = {
			isa = PBXContainerItemProxy;
			containerPortal = 51A813512174D9DD00CD80A7 /* Project object */;
			proxyType = 1;
			remoteGlobalIDString = 51A813582174D9DD00CD80A7;
			remoteInfo = iOS_Structure;
		};
		51A8137B2174D9DE00CD80A7 /* PBXContainerItemProxy */ = {
			isa = PBXContainerItemProxy;
			containerPortal = 51A813512174D9DD00CD80A7 /* Project object */;
			proxyType = 1;
			remoteGlobalIDString = 51A813582174D9DD00CD80A7;
			remoteInfo = iOS_Structure;
		};
/* End PBXContainerItemProxy section */

/* Begin PBXFileReference section */
		51A813592174D9DD00CD80A7 /* iOS_Structure.app */ = {isa = PBXFileReference; explicitFileType = wrapper.application; includeInIndex = 0; path = iOS_Structure.app; sourceTree = BUILT_PRODUCTS_DIR; };
		51A8135C2174D9DD00CD80A7 /* AppDelegate.swift */ = {isa = PBXFileReference; lastKnownFileType = sourcecode.swift; path = AppDelegate.swift; sourceTree = "<group>"; };
		51A8135E2174D9DD00CD80A7 /* MasterViewController.swift */ = {isa = PBXFileReference; lastKnownFileType = sourcecode.swift; path = MasterViewController.swift; sourceTree = "<group>"; };
		51A813602174D9DD00CD80A7 /* DetailViewController.swift */ = {isa = PBXFileReference; lastKnownFileType = sourcecode.swift; path = DetailViewController.swift; sourceTree = "<group>"; };
		51A813632174D9DD00CD80A7 /* Base */ = {isa = PBXFileReference; lastKnownFileType = file.storyboard; name = Base; path = Base.lproj/Main.storyboard; sourceTree = "<group>"; };
		51A813652174D9DE00CD80A7 /* Assets.xcassets */ = {isa = PBXFileReference; lastKnownFileType = folder.assetcatalog; path = Assets.xcassets; sourceTree = "<group>"; };
		51A813682174D9DE00CD80A7 /* Base */ = {isa = PBXFileReference; lastKnownFileType = file.storyboard; name = Base; path = Base.lproj/LaunchScreen.storyboard; sourceTree = "<group>"; };
		51A8136A2174D9DE00CD80A7 /* Info.plist */ = {isa = PBXFileReference; lastKnownFileType = text.plist.xml; path = Info.plist; sourceTree = "<group>"; };
		51A8136F2174D9DE00CD80A7 /* iOS_StructureTests.xctest */ = {isa = PBXFileReference; explicitFileType = wrapper.cfbundle; includeInIndex = 0; path = iOS_StructureTests.xctest; sourceTree = BUILT_PRODUCTS_DIR; };
		51A813732174D9DE00CD80A7 /* iOS_StructureTests.swift */ = {isa = PBXFileReference; lastKnownFileType = sourcecode.swift; path = iOS_StructureTests.swift; sourceTree = "<group>"; };
		51A813752174D9DE00CD80A7 /* Info.plist */ = {isa = PBXFileReference; lastKnownFileType = text.plist.xml; path = Info.plist; sourceTree = "<group>"; };
		51A8137A2174D9DE00CD80A7 /* iOS_StructureUITests.xctest */ = {isa = PBXFileReference; explicitFileType = wrapper.cfbundle; includeInIndex = 0; path = iOS_StructureUITests.xctest; sourceTree = BUILT_PRODUCTS_DIR; };
		51A8137E2174D9DE00CD80A7 /* iOS_StructureUITests.swift */ = {isa = PBXFileReference; lastKnownFileType = sourcecode.swift; path = iOS_StructureUITests.swift; sourceTree = "<group>"; };
		51A813802174D9DE00CD80A7 /* Info.plist */ = {isa = PBXFileReference; lastKnownFileType = text.plist.xml; path = Info.plist; sourceTree = "<group>"; };
		51A8138C2174DA0E00CD80A7 /* Model.swift */ = {isa = PBXFileReference; lastKnownFileType = sourcecode.swift; path = Model.swift; sourceTree = "<group>"; };
		51A8138E2174DB3400CD80A7 /* Presenter.swift */ = {isa = PBXFileReference; lastKnownFileType = sourcecode.swift; path = Presenter.swift; sourceTree = "<group>"; };
		51A813902174DE5A00CD80A7 /* MasterViewcontrollerUITableViewDataSource.swift */ = {isa = PBXFileReference; lastKnownFileType = sourcecode.swift; path = MasterViewcontrollerUITableViewDataSource.swift; sourceTree = "<group>"; };
		51A813942174E74A00CD80A7 /* Observable.swift */ = {isa = PBXFileReference; lastKnownFileType = sourcecode.swift; path = Observable.swift; sourceTree = "<group>"; };
		51A813982174E83000CD80A7 /* ViewModel.swift */ = {isa = PBXFileReference; lastKnownFileType = sourcecode.swift; path = ViewModel.swift; sourceTree = "<group>"; };
		51A8139B2176502400CD80A7 /* ImageProtocols.swift */ = {isa = PBXFileReference; lastKnownFileType = sourcecode.swift; path = ImageProtocols.swift; sourceTree = "<group>"; };
/* End PBXFileReference section */

/* Begin PBXFrameworksBuildPhase section */
		51A813562174D9DD00CD80A7 /* Frameworks */ = {
			isa = PBXFrameworksBuildPhase;
			buildActionMask = 2147483647;
			files = (
			);
			runOnlyForDeploymentPostprocessing = 0;
		};
		51A8136C2174D9DE00CD80A7 /* Frameworks */ = {
			isa = PBXFrameworksBuildPhase;
			buildActionMask = 2147483647;
			files = (
			);
			runOnlyForDeploymentPostprocessing = 0;
		};
		51A813772174D9DE00CD80A7 /* Frameworks */ = {
			isa = PBXFrameworksBuildPhase;
			buildActionMask = 2147483647;
			files = (
			);
			runOnlyForDeploymentPostprocessing = 0;
		};
/* End PBXFrameworksBuildPhase section */

/* Begin PBXGroup section */
		51A813502174D9DD00CD80A7 = {
			isa = PBXGroup;
			children = (
				51A8135B2174D9DD00CD80A7 /* iOS_Structure */,
				51A813722174D9DE00CD80A7 /* iOS_StructureTests */,
				51A8137D2174D9DE00CD80A7 /* iOS_StructureUITests */,
				51A8135A2174D9DD00CD80A7 /* Products */,
			);
			sourceTree = "<group>";
		};
		51A8135A2174D9DD00CD80A7 /* Products */ = {
			isa = PBXGroup;
			children = (
				51A813592174D9DD00CD80A7 /* iOS_Structure.app */,
				51A8136F2174D9DE00CD80A7 /* iOS_StructureTests.xctest */,
				51A8137A2174D9DE00CD80A7 /* iOS_StructureUITests.xctest */,
			);
			name = Products;
			sourceTree = "<group>";
		};
		51A8135B2174D9DD00CD80A7 /* iOS_Structure */ = {
			isa = PBXGroup;
			children = (
				51A8139A21764FFC00CD80A7 /* protocols */,
				51A813942174E74A00CD80A7 /* Observable.swift */,
				51A813972174E81D00CD80A7 /* ViewModel */,
				51A813962174E7F600CD80A7 /* Model */,
				51A8135C2174D9DD00CD80A7 /* AppDelegate.swift */,
				51A8135E2174D9DD00CD80A7 /* MasterViewController.swift */,
				51A813602174D9DD00CD80A7 /* DetailViewController.swift */,
				51A813622174D9DD00CD80A7 /* Main.storyboard */,
				51A813652174D9DE00CD80A7 /* Assets.xcassets */,
				51A813672174D9DE00CD80A7 /* LaunchScreen.storyboard */,
				51A8136A2174D9DE00CD80A7 /* Info.plist */,
				51A8138E2174DB3400CD80A7 /* Presenter.swift */,
				51A813902174DE5A00CD80A7 /* MasterViewcontrollerUITableViewDataSource.swift */,
			);
			path = iOS_Structure;
			sourceTree = "<group>";
		};
		51A813722174D9DE00CD80A7 /* iOS_StructureTests */ = {
			isa = PBXGroup;
			children = (
				51A813732174D9DE00CD80A7 /* iOS_StructureTests.swift */,
				51A813752174D9DE00CD80A7 /* Info.plist */,
			);
			path = iOS_StructureTests;
			sourceTree = "<group>";
		};
		51A8137D2174D9DE00CD80A7 /* iOS_StructureUITests */ = {
			isa = PBXGroup;
			children = (
				51A8137E2174D9DE00CD80A7 /* iOS_StructureUITests.swift */,
				51A813802174D9DE00CD80A7 /* Info.plist */,
			);
			path = iOS_StructureUITests;
			sourceTree = "<group>";
		};
		51A813962174E7F600CD80A7 /* Model */ = {
			isa = PBXGroup;
			children = (
				51A8138C2174DA0E00CD80A7 /* Model.swift */,
			);
			path = Model;
			sourceTree = "<group>";
		};
		51A813972174E81D00CD80A7 /* ViewModel */ = {
			isa = PBXGroup;
			children = (
				51A813982174E83000CD80A7 /* ViewModel.swift */,
			);
			path = ViewModel;
			sourceTree = "<group>";
		};
		51A8139A21764FFC00CD80A7 /* protocols */ = {
			isa = PBXGroup;
			children = (
				51A8139B2176502400CD80A7 /* ImageProtocols.swift */,
			);
			path = protocols;
			sourceTree = "<group>";
		};
/* End PBXGroup section */

/* Begin PBXNativeTarget section */
		51A813582174D9DD00CD80A7 /* iOS_Structure */ = {
			isa = PBXNativeTarget;
			buildConfigurationList = 51A813832174D9DE00CD80A7 /* Build configuration list for PBXNativeTarget "iOS_Structure" */;
			buildPhases = (
				51A813552174D9DD00CD80A7 /* Sources */,
				51A813562174D9DD00CD80A7 /* Frameworks */,
				51A813572174D9DD00CD80A7 /* Resources */,
			);
			buildRules = (
			);
			dependencies = (
			);
			name = iOS_Structure;
			productName = iOS_Structure;
			productReference = 51A813592174D9DD00CD80A7 /* iOS_Structure.app */;
			productType = "com.apple.product-type.application";
		};
		51A8136E2174D9DE00CD80A7 /* iOS_StructureTests */ = {
			isa = PBXNativeTarget;
			buildConfigurationList = 51A813862174D9DE00CD80A7 /* Build configuration list for PBXNativeTarget "iOS_StructureTests" */;
			buildPhases = (
				51A8136B2174D9DE00CD80A7 /* Sources */,
				51A8136C2174D9DE00CD80A7 /* Frameworks */,
				51A8136D2174D9DE00CD80A7 /* Resources */,
			);
			buildRules = (
			);
			dependencies = (
				51A813712174D9DE00CD80A7 /* PBXTargetDependency */,
			);
			name = iOS_StructureTests;
			productName = iOS_StructureTests;
			productReference = 51A8136F2174D9DE00CD80A7 /* iOS_StructureTests.xctest */;
			productType = "com.apple.product-type.bundle.unit-test";
		};
		51A813792174D9DE00CD80A7 /* iOS_StructureUITests */ = {
			isa = PBXNativeTarget;
			buildConfigurationList = 51A813892174D9DE00CD80A7 /* Build configuration list for PBXNativeTarget "iOS_StructureUITests" */;
			buildPhases = (
				51A813762174D9DE00CD80A7 /* Sources */,
				51A813772174D9DE00CD80A7 /* Frameworks */,
				51A813782174D9DE00CD80A7 /* Resources */,
			);
			buildRules = (
			);
			dependencies = (
				51A8137C2174D9DE00CD80A7 /* PBXTargetDependency */,
			);
			name = iOS_StructureUITests;
			productName = iOS_StructureUITests;
			productReference = 51A8137A2174D9DE00CD80A7 /* iOS_StructureUITests.xctest */;
			productType = "com.apple.product-type.bundle.ui-testing";
		};
/* End PBXNativeTarget section */

/* Begin PBXProject section */
		51A813512174D9DD00CD80A7 /* Project object */ = {
			isa = PBXProject;
			attributes = {
				LastSwiftUpdateCheck = 1000;
				LastUpgradeCheck = 1000;
				ORGANIZATIONNAME = "Jon Eikholm";
				TargetAttributes = {
					51A813582174D9DD00CD80A7 = {
						CreatedOnToolsVersion = 10.0;
					};
					51A8136E2174D9DE00CD80A7 = {
						CreatedOnToolsVersion = 10.0;
						TestTargetID = 51A813582174D9DD00CD80A7;
					};
					51A813792174D9DE00CD80A7 = {
						CreatedOnToolsVersion = 10.0;
						TestTargetID = 51A813582174D9DD00CD80A7;
					};
				};
			};
			buildConfigurationList = 51A813542174D9DD00CD80A7 /* Build configuration list for PBXProject "iOS_Structure" */;
			compatibilityVersion = "Xcode 9.3";
			developmentRegion = en;
			hasScannedForEncodings = 0;
			knownRegions = (
				en,
				Base,
			);
			mainGroup = 51A813502174D9DD00CD80A7;
			productRefGroup = 51A8135A2174D9DD00CD80A7 /* Products */;
			projectDirPath = "";
			projectRoot = "";
			targets = (
				51A813582174D9DD00CD80A7 /* iOS_Structure */,
				51A8136E2174D9DE00CD80A7 /* iOS_StructureTests */,
				51A813792174D9DE00CD80A7 /* iOS_StructureUITests */,
			);
		};
/* End PBXProject section */

/* Begin PBXResourcesBuildPhase section */
		51A813572174D9DD00CD80A7 /* Resources */ = {
			isa = PBXResourcesBuildPhase;
			buildActionMask = 2147483647;
			files = (
				51A813692174D9DE00CD80A7 /* LaunchScreen.storyboard in Resources */,
				51A813662174D9DE00CD80A7 /* Assets.xcassets in Resources */,
				51A813642174D9DD00CD80A7 /* Main.storyboard in Resources */,
			);
			runOnlyForDeploymentPostprocessing = 0;
		};
		51A8136D2174D9DE00CD80A7 /* Resources */ = {
			isa = PBXResourcesBuildPhase;
			buildActionMask = 2147483647;
			files = (
			);
			runOnlyForDeploymentPostprocessing = 0;
		};
		51A813782174D9DE00CD80A7 /* Resources */ = {
			isa = PBXResourcesBuildPhase;
			buildActionMask = 2147483647;
			files = (
			);
			runOnlyForDeploymentPostprocessing = 0;
		};
/* End PBXResourcesBuildPhase section */

/* Begin PBXSourcesBuildPhase section */
		51A813552174D9DD00CD80A7 /* Sources */ = {
			isa = PBXSourcesBuildPhase;
			buildActionMask = 2147483647;
			files = (
				51A813612174D9DD00CD80A7 /* DetailViewController.swift in Sources */,
				51A8135F2174D9DD00CD80A7 /* MasterViewController.swift in Sources */,
				51A8135D2174D9DD00CD80A7 /* AppDelegate.swift in Sources */,
				51A813952174E74A00CD80A7 /* Observable.swift in Sources */,
				51A8139C2176502400CD80A7 /* ImageProtocols.swift in Sources */,
				51A813912174DE5A00CD80A7 /* MasterViewcontrollerUITableViewDataSource.swift in Sources */,
				51A8138D2174DA0E00CD80A7 /* Model.swift in Sources */,
				51A813992174E83000CD80A7 /* ViewModel.swift in Sources */,
				51A8138F2174DB3400CD80A7 /* Presenter.swift in Sources */,
			);
			runOnlyForDeploymentPostprocessing = 0;
		};
		51A8136B2174D9DE00CD80A7 /* Sources */ = {
			isa = PBXSourcesBuildPhase;
			buildActionMask = 2147483647;
			files = (
				51A813742174D9DE00CD80A7 /* iOS_StructureTests.swift in Sources */,
			);
			runOnlyForDeploymentPostprocessing = 0;
		};
		51A813762174D9DE00CD80A7 /* Sources */ = {
			isa = PBXSourcesBuildPhase;
			buildActionMask = 2147483647;
			files = (
				51A8137F2174D9DE00CD80A7 /* iOS_StructureUITests.swift in Sources */,
			);
			runOnlyForDeploymentPostprocessing = 0;
		};
/* End PBXSourcesBuildPhase section */

/* Begin PBXTargetDependency section */
		51A813712174D9DE00CD80A7 /* PBXTargetDependency */ = {
			isa = PBXTargetDependency;
			target = 51A813582174D9DD00CD80A7 /* iOS_Structure */;
			targetProxy = 51A813702174D9DE00CD80A7 /* PBXContainerItemProxy */;
		};
		51A8137C2174D9DE00CD80A7 /* PBXTargetDependency */ = {
			isa = PBXTargetDependency;
			target = 51A813582174D9DD00CD80A7 /* iOS_Structure */;
			targetProxy = 51A8137B2174D9DE00CD80A7 /* PBXContainerItemProxy */;
		};
/* End PBXTargetDependency section */

/* Begin PBXVariantGroup section */
		51A813622174D9DD00CD80A7 /* Main.storyboard */ = {
			isa = PBXVariantGroup;
			children = (
				51A813632174D9DD00CD80A7 /* Base */,
			);
			name = Main.storyboard;
			sourceTree = "<group>";
		};
		51A813672174D9DE00CD80A7 /* LaunchScreen.storyboard */ = {
			isa = PBXVariantGroup;
			children = (
				51A813682174D9DE00CD80A7 /* Base */,
			);
			name = LaunchScreen.storyboard;
			sourceTree = "<group>";
		};
/* End PBXVariantGroup section */

/* Begin XCBuildConfiguration section */
		51A813812174D9DE00CD80A7 /* Debug */ = {
			isa = XCBuildConfiguration;
			buildSettings = {
				ALWAYS_SEARCH_USER_PATHS = NO;
				CLANG_ANALYZER_NONNULL = YES;
				CLANG_ANALYZER_NUMBER_OBJECT_CONVERSION = YES_AGGRESSIVE;
				CLANG_CXX_LANGUAGE_STANDARD = "gnu++14";
				CLANG_CXX_LIBRARY = "libc++";
				CLANG_ENABLE_MODULES = YES;
				CLANG_ENABLE_OBJC_ARC = YES;
				CLANG_ENABLE_OBJC_WEAK = YES;
				CLANG_WARN_BLOCK_CAPTURE_AUTORELEASING = YES;
				CLANG_WARN_BOOL_CONVERSION = YES;
				CLANG_WARN_COMMA = YES;
				CLANG_WARN_CONSTANT_CONVERSION = YES;
				CLANG_WARN_DEPRECATED_OBJC_IMPLEMENTATIONS = YES;
				CLANG_WARN_DIRECT_OBJC_ISA_USAGE = YES_ERROR;
				CLANG_WARN_DOCUMENTATION_COMMENTS = YES;
				CLANG_WARN_EMPTY_BODY = YES;
				CLANG_WARN_ENUM_CONVERSION = YES;
				CLANG_WARN_INFINITE_RECURSION = YES;
				CLANG_WARN_INT_CONVERSION = YES;
				CLANG_WARN_NON_LITERAL_NULL_CONVERSION = YES;
				CLANG_WARN_OBJC_IMPLICIT_RETAIN_SELF = YES;
				CLANG_WARN_OBJC_LITERAL_CONVERSION = YES;
				CLANG_WARN_OBJC_ROOT_CLASS = YES_ERROR;
				CLANG_WARN_RANGE_LOOP_ANALYSIS = YES;
				CLANG_WARN_STRICT_PROTOTYPES = YES;
				CLANG_WARN_SUSPICIOUS_MOVE = YES;
				CLANG_WARN_UNGUARDED_AVAILABILITY = YES_AGGRESSIVE;
				CLANG_WARN_UNREACHABLE_CODE = YES;
				CLANG_WARN__DUPLICATE_METHOD_MATCH = YES;
				CODE_SIGN_IDENTITY = "iPhone Developer";
				COPY_PHASE_STRIP = NO;
				DEBUG_INFORMATION_FORMAT = dwarf;
				ENABLE_STRICT_OBJC_MSGSEND = YES;
				ENABLE_TESTABILITY = YES;
				GCC_C_LANGUAGE_STANDARD = gnu11;
				GCC_DYNAMIC_NO_PIC = NO;
				GCC_NO_COMMON_BLOCKS = YES;
				GCC_OPTIMIZATION_LEVEL = 0;
				GCC_PREPROCESSOR_DEFINITIONS = (
					"DEBUG=1",
					"$(inherited)",
				);
				GCC_WARN_64_TO_32_BIT_CONVERSION = YES;
				GCC_WARN_ABOUT_RETURN_TYPE = YES_ERROR;
				GCC_WARN_UNDECLARED_SELECTOR = YES;
				GCC_WARN_UNINITIALIZED_AUTOS = YES_AGGRESSIVE;
				GCC_WARN_UNUSED_FUNCTION = YES;
				GCC_WARN_UNUSED_VARIABLE = YES;
				IPHONEOS_DEPLOYMENT_TARGET = 12.0;
				MTL_ENABLE_DEBUG_INFO = INCLUDE_SOURCE;
				MTL_FAST_MATH = YES;
				ONLY_ACTIVE_ARCH = YES;
				SDKROOT = iphoneos;
				SWIFT_ACTIVE_COMPILATION_CONDITIONS = DEBUG;
				SWIFT_OPTIMIZATION_LEVEL = "-Onone";
			};
			name = Debug;
		};
		51A813822174D9DE00CD80A7 /* Release */ = {
			isa = XCBuildConfiguration;
			buildSettings = {
				ALWAYS_SEARCH_USER_PATHS = NO;
				CLANG_ANALYZER_NONNULL = YES;
				CLANG_ANALYZER_NUMBER_OBJECT_CONVERSION = YES_AGGRESSIVE;
				CLANG_CXX_LANGUAGE_STANDARD = "gnu++14";
				CLANG_CXX_LIBRARY = "libc++";
				CLANG_ENABLE_MODULES = YES;
				CLANG_ENABLE_OBJC_ARC = YES;
				CLANG_ENABLE_OBJC_WEAK = YES;
				CLANG_WARN_BLOCK_CAPTURE_AUTORELEASING = YES;
				CLANG_WARN_BOOL_CONVERSION = YES;
				CLANG_WARN_COMMA = YES;
				CLANG_WARN_CONSTANT_CONVERSION = YES;
				CLANG_WARN_DEPRECATED_OBJC_IMPLEMENTATIONS = YES;
				CLANG_WARN_DIRECT_OBJC_ISA_USAGE = YES_ERROR;
				CLANG_WARN_DOCUMENTATION_COMMENTS = YES;
				CLANG_WARN_EMPTY_BODY = YES;
				CLANG_WARN_ENUM_CONVERSION = YES;
				CLANG_WARN_INFINITE_RECURSION = YES;
				CLANG_WARN_INT_CONVERSION = YES;
				CLANG_WARN_NON_LITERAL_NULL_CONVERSION = YES;
				CLANG_WARN_OBJC_IMPLICIT_RETAIN_SELF = YES;
				CLANG_WARN_OBJC_LITERAL_CONVERSION = YES;
				CLANG_WARN_OBJC_ROOT_CLASS = YES_ERROR;
				CLANG_WARN_RANGE_LOOP_ANALYSIS = YES;
				CLANG_WARN_STRICT_PROTOTYPES = YES;
				CLANG_WARN_SUSPICIOUS_MOVE = YES;
				CLANG_WARN_UNGUARDED_AVAILABILITY = YES_AGGRESSIVE;
				CLANG_WARN_UNREACHABLE_CODE = YES;
				CLANG_WARN__DUPLICATE_METHOD_MATCH = YES;
				CODE_SIGN_IDENTITY = "iPhone Developer";
				COPY_PHASE_STRIP = NO;
				DEBUG_INFORMATION_FORMAT = "dwarf-with-dsym";
				ENABLE_NS_ASSERTIONS = NO;
				ENABLE_STRICT_OBJC_MSGSEND = YES;
				GCC_C_LANGUAGE_STANDARD = gnu11;
				GCC_NO_COMMON_BLOCKS = YES;
				GCC_WARN_64_TO_32_BIT_CONVERSION = YES;
				GCC_WARN_ABOUT_RETURN_TYPE = YES_ERROR;
				GCC_WARN_UNDECLARED_SELECTOR = YES;
				GCC_WARN_UNINITIALIZED_AUTOS = YES_AGGRESSIVE;
				GCC_WARN_UNUSED_FUNCTION = YES;
				GCC_WARN_UNUSED_VARIABLE = YES;
				IPHONEOS_DEPLOYMENT_TARGET = 12.0;
				MTL_ENABLE_DEBUG_INFO = NO;
				MTL_FAST_MATH = YES;
				SDKROOT = iphoneos;
				SWIFT_COMPILATION_MODE = wholemodule;
				SWIFT_OPTIMIZATION_LEVEL = "-O";
				VALIDATE_PRODUCT = YES;
			};
			name = Release;
		};
		51A813842174D9DE00CD80A7 /* Debug */ = {
			isa = XCBuildConfiguration;
			buildSettings = {
				ASSETCATALOG_COMPILER_APPICON_NAME = AppIcon;
				CODE_SIGN_STYLE = Automatic;
				DEVELOPMENT_TEAM = 4JLUJ8SU2K;
				INFOPLIST_FILE = iOS_Structure/Info.plist;
				LD_RUNPATH_SEARCH_PATHS = (
					"$(inherited)",
					"@executable_path/Frameworks",
				);
				PRODUCT_BUNDLE_IDENTIFIER = "com.eikholm.iOS-Structure";
				PRODUCT_NAME = "$(TARGET_NAME)";
				SWIFT_VERSION = 4.2;
				TARGETED_DEVICE_FAMILY = "1,2";
			};
			name = Debug;
		};
		51A813852174D9DE00CD80A7 /* Release */ = {
			isa = XCBuildConfiguration;
			buildSettings = {
				ASSETCATALOG_COMPILER_APPICON_NAME = AppIcon;
				CODE_SIGN_STYLE = Automatic;
				DEVELOPMENT_TEAM = 4JLUJ8SU2K;
				INFOPLIST_FILE = iOS_Structure/Info.plist;
				LD_RUNPATH_SEARCH_PATHS = (
					"$(inherited)",
					"@executable_path/Frameworks",
				);
				PRODUCT_BUNDLE_IDENTIFIER = "com.eikholm.iOS-Structure";
				PRODUCT_NAME = "$(TARGET_NAME)";
				SWIFT_VERSION = 4.2;
				TARGETED_DEVICE_FAMILY = "1,2";
			};
			name = Release;
		};
		51A813872174D9DE00CD80A7 /* Debug */ = {
			isa = XCBuildConfiguration;
			buildSettings = {
				ALWAYS_EMBED_SWIFT_STANDARD_LIBRARIES = YES;
				BUNDLE_LOADER = "$(TEST_HOST)";
				CODE_SIGN_STYLE = Automatic;
				DEVELOPMENT_TEAM = 4JLUJ8SU2K;
				INFOPLIST_FILE = iOS_StructureTests/Info.plist;
				LD_RUNPATH_SEARCH_PATHS = (
					"$(inherited)",
					"@executable_path/Frameworks",
					"@loader_path/Frameworks",
				);
				PRODUCT_BUNDLE_IDENTIFIER = "com.eikholm.iOS-StructureTests";
				PRODUCT_NAME = "$(TARGET_NAME)";
				SWIFT_VERSION = 4.2;
				TARGETED_DEVICE_FAMILY = "1,2";
				TEST_HOST = "$(BUILT_PRODUCTS_DIR)/iOS_Structure.app/iOS_Structure";
			};
			name = Debug;
		};
		51A813882174D9DE00CD80A7 /* Release */ = {
			isa = XCBuildConfiguration;
			buildSettings = {
				ALWAYS_EMBED_SWIFT_STANDARD_LIBRARIES = YES;
				BUNDLE_LOADER = "$(TEST_HOST)";
				CODE_SIGN_STYLE = Automatic;
				DEVELOPMENT_TEAM = 4JLUJ8SU2K;
				INFOPLIST_FILE = iOS_StructureTests/Info.plist;
				LD_RUNPATH_SEARCH_PATHS = (
					"$(inherited)",
					"@executable_path/Frameworks",
					"@loader_path/Frameworks",
				);
				PRODUCT_BUNDLE_IDENTIFIER = "com.eikholm.iOS-StructureTests";
				PRODUCT_NAME = "$(TARGET_NAME)";
				SWIFT_VERSION = 4.2;
				TARGETED_DEVICE_FAMILY = "1,2";
				TEST_HOST = "$(BUILT_PRODUCTS_DIR)/iOS_Structure.app/iOS_Structure";
			};
			name = Release;
		};
		51A8138A2174D9DE00CD80A7 /* Debug */ = {
			isa = XCBuildConfiguration;
			buildSettings = {
				ALWAYS_EMBED_SWIFT_STANDARD_LIBRARIES = YES;
				CODE_SIGN_STYLE = Automatic;
				DEVELOPMENT_TEAM = 4JLUJ8SU2K;
				INFOPLIST_FILE = iOS_StructureUITests/Info.plist;
				LD_RUNPATH_SEARCH_PATHS = (
					"$(inherited)",
					"@executable_path/Frameworks",
					"@loader_path/Frameworks",
				);
				PRODUCT_BUNDLE_IDENTIFIER = "com.eikholm.iOS-StructureUITests";
				PRODUCT_NAME = "$(TARGET_NAME)";
				SWIFT_VERSION = 4.2;
				TARGETED_DEVICE_FAMILY = "1,2";
				TEST_TARGET_NAME = iOS_Structure;
			};
			name = Debug;
		};
		51A8138B2174D9DE00CD80A7 /* Release */ = {
			isa = XCBuildConfiguration;
			buildSettings = {
				ALWAYS_EMBED_SWIFT_STANDARD_LIBRARIES = YES;
				CODE_SIGN_STYLE = Automatic;
				DEVELOPMENT_TEAM = 4JLUJ8SU2K;
				INFOPLIST_FILE = iOS_StructureUITests/Info.plist;
				LD_RUNPATH_SEARCH_PATHS = (
					"$(inherited)",
					"@executable_path/Frameworks",
					"@loader_path/Frameworks",
				);
				PRODUCT_BUNDLE_IDENTIFIER = "com.eikholm.iOS-StructureUITests";
				PRODUCT_NAME = "$(TARGET_NAME)";
				SWIFT_VERSION = 4.2;
				TARGETED_DEVICE_FAMILY = "1,2";
				TEST_TARGET_NAME = iOS_Structure;
			};
			name = Release;
		};
/* End XCBuildConfiguration section */

/* Begin XCConfigurationList section */
		51A813542174D9DD00CD80A7 /* Build configuration list for PBXProject "iOS_Structure" */ = {
			isa = XCConfigurationList;
			buildConfigurations = (
				51A813812174D9DE00CD80A7 /* Debug */,
				51A813822174D9DE00CD80A7 /* Release */,
			);
			defaultConfigurationIsVisible = 0;
			defaultConfigurationName = Release;
		};
		51A813832174D9DE00CD80A7 /* Build configuration list for PBXNativeTarget "iOS_Structure" */ = {
			isa = XCConfigurationList;
			buildConfigurations = (
				51A813842174D9DE00CD80A7 /* Debug */,
				51A813852174D9DE00CD80A7 /* Release */,
			);
			defaultConfigurationIsVisible = 0;
			defaultConfigurationName = Release;
		};
		51A813862174D9DE00CD80A7 /* Build configuration list for PBXNativeTarget "iOS_StructureTests" */ = {
			isa = XCConfigurationList;
			buildConfigurations = (
				51A813872174D9DE00CD80A7 /* Debug */,
				51A813882174D9DE00CD80A7 /* Release */,
			);
			defaultConfigurationIsVisible = 0;
			defaultConfigurationName = Release;
		};
		51A813892174D9DE00CD80A7 /* Build configuration list for PBXNativeTarget "iOS_StructureUITests" */ = {
			isa = XCConfigurationList;
			buildConfigurations = (
				51A8138A2174D9DE00CD80A7 /* Debug */,
				51A8138B2174D9DE00CD80A7 /* Release */,
			);
			defaultConfigurationIsVisible = 0;
			defaultConfigurationName = Release;
		};
/* End XCConfigurationList section */
	};
	rootObject = 51A813512174D9DD00CD80A7 /* Project object */;
}
